
Microsoft Visual Studio Solution File, Format Version 12.00
# Visual Studio Version 16
VisualStudioVersion = 16.0.30907.101
MinimumVisualStudioVersion = 10.0.40219.1
Project("{FAE04EC0-301F-11D3-BF4B-00C04F79EFBC}") = "UD27-EJ4", "UD27-EJ4\UD27-EJ4.csproj", "{26061478-4939-477E-AD9C-81D774BF460A}"
EndProject
Project("{FAE04EC0-301F-11D3-BF4B-00C04F79EFBC}") = "UD27-EJ4.DataLayer", "UD27-EJ4.DataLayer\UD27-EJ4.DataLayer.csproj", "{27148772-ADA1-41E9-93C6-16C477EF85B6}"
EndProject
Global
	GlobalSection(SolutionConfigurationPlatforms) = preSolution
		Debug|Any CPU = Debug|Any CPU
		Release|Any CPU = Release|Any CPU
	EndGlobalSection
	GlobalSection(ProjectConfigurationPlatforms) = postSolution
		{26061478-4939-477E-AD9C-81D774BF460A}.Debug|Any CPU.ActiveCfg = Debug|Any CPU
		{26061478-4939-477E-AD9C-81D774BF460A}.Debug|Any CPU.Build.0 = Debug|Any CPU
		{26061478-4939-477E-AD9C-81D774BF460A}.Release|Any CPU.ActiveCfg = Release|Any CPU
		{26061478-4939-477E-AD9C-81D774BF460A}.Release|Any CPU.Build.0 = Release|Any CPU
		{27148772-ADA1-41E9-93C6-16C477EF85B6}.Debug|Any CPU.ActiveCfg = Debug|Any CPU
		{27148772-ADA1-41E9-93C6-16C477EF85B6}.Debug|Any CPU.Build.0 = Debug|Any CPU
		{27148772-ADA1-41E9-93C6-16C477EF85B6}.Release|Any CPU.ActiveCfg = Release|Any CPU
		{27148772-ADA1-41E9-93C6-16C477EF85B6}.Release|Any CPU.Build.0 = Release|Any CPU
	EndGlobalSection
	GlobalSection(SolutionProperties) = preSolution
		HideSolutionNode = FALSE
	EndGlobalSection
	GlobalSection(ExtensibilityGlobals) = postSolution
		SolutionGuid = {E2EADD65-A6F5-4AC3-8492-DB5E50451594}
	EndGlobalSection
EndGlobal
