
Microsoft Visual Studio Solution File, Format Version 12.00
# Visual Studio Version 16
VisualStudioVersion = 16.0.30907.101
MinimumVisualStudioVersion = 10.0.40219.1
Project("{FAE04EC0-301F-11D3-BF4B-00C04F79EFBC}") = "UD27-EJ3", "UD27-EJ3\UD27-EJ3.csproj", "{BDA8F1AE-3B3F-4D28-982E-1161C83DF6AD}"
EndProject
Global
	GlobalSection(SolutionConfigurationPlatforms) = preSolution
		Debug|Any CPU = Debug|Any CPU
		Release|Any CPU = Release|Any CPU
	EndGlobalSection
	GlobalSection(ProjectConfigurationPlatforms) = postSolution
		{BDA8F1AE-3B3F-4D28-982E-1161C83DF6AD}.Debug|Any CPU.ActiveCfg = Debug|Any CPU
		{BDA8F1AE-3B3F-4D28-982E-1161C83DF6AD}.Debug|Any CPU.Build.0 = Debug|Any CPU
		{BDA8F1AE-3B3F-4D28-982E-1161C83DF6AD}.Release|Any CPU.ActiveCfg = Release|Any CPU
		{BDA8F1AE-3B3F-4D28-982E-1161C83DF6AD}.Release|Any CPU.Build.0 = Release|Any CPU
	EndGlobalSection
	GlobalSection(SolutionProperties) = preSolution
		HideSolutionNode = FALSE
	EndGlobalSection
	GlobalSection(ExtensibilityGlobals) = postSolution
		SolutionGuid = {3E2C119B-F6E1-4BFC-90CC-CD9AE5BE3AC6}
	EndGlobalSection
EndGlobal
