
Microsoft Visual Studio Solution File, Format Version 12.00
# Visual Studio Version 16
VisualStudioVersion = 16.0.30907.101
MinimumVisualStudioVersion = 10.0.40219.1
Project("{FAE04EC0-301F-11D3-BF4B-00C04F79EFBC}") = "UD27-EJ2", "UD27-EJ2\UD27-EJ2.csproj", "{F56EE7FA-83A3-495B-AF01-596D392CBD93}"
EndProject
Global
	GlobalSection(SolutionConfigurationPlatforms) = preSolution
		Debug|Any CPU = Debug|Any CPU
		Release|Any CPU = Release|Any CPU
	EndGlobalSection
	GlobalSection(ProjectConfigurationPlatforms) = postSolution
		{F56EE7FA-83A3-495B-AF01-596D392CBD93}.Debug|Any CPU.ActiveCfg = Debug|Any CPU
		{F56EE7FA-83A3-495B-AF01-596D392CBD93}.Debug|Any CPU.Build.0 = Debug|Any CPU
		{F56EE7FA-83A3-495B-AF01-596D392CBD93}.Release|Any CPU.ActiveCfg = Release|Any CPU
		{F56EE7FA-83A3-495B-AF01-596D392CBD93}.Release|Any CPU.Build.0 = Release|Any CPU
	EndGlobalSection
	GlobalSection(SolutionProperties) = preSolution
		HideSolutionNode = FALSE
	EndGlobalSection
	GlobalSection(ExtensibilityGlobals) = postSolution
		SolutionGuid = {3828A069-B14E-48C4-97ED-44B7250EFA1F}
	EndGlobalSection
EndGlobal
